
Microsoft Visual Studio Solution File, Format Version 12.00
# Visual Studio 14
VisualStudioVersion = 14.0.23107.0
MinimumVisualStudioVersion = 10.0.40219.1
Project("{FAE04EC0-301F-11D3-BF4B-00C04F79EFBC}") = "DataLoggerArduinoGUI", "DataLoggerArduinoGUI\DataLoggerArduinoGUI.csproj", "{942074BE-F1A1-40DA-92C5-F9D653591904}"
EndProject
Global
	GlobalSection(SolutionConfigurationPlatforms) = preSolution
		Debug|Any CPU = Debug|Any CPU
		Release|Any CPU = Release|Any CPU
	EndGlobalSection
	GlobalSection(ProjectConfigurationPlatforms) = postSolution
		{942074BE-F1A1-40DA-92C5-F9D653591904}.Debug|Any CPU.ActiveCfg = Debug|Any CPU
		{942074BE-F1A1-40DA-92C5-F9D653591904}.Debug|Any CPU.Build.0 = Debug|Any CPU
		{942074BE-F1A1-40DA-92C5-F9D653591904}.Release|Any CPU.ActiveCfg = Release|Any CPU
		{942074BE-F1A1-40DA-92C5-F9D653591904}.Release|Any CPU.Build.0 = Release|Any CPU
	EndGlobalSection
	GlobalSection(SolutionProperties) = preSolution
		HideSolutionNode = FALSE
	EndGlobalSection
EndGlobal
